
Microsoft Visual Studio Solution File, Format Version 12.00
# Visual Studio 14
VisualStudioVersion = 14.0.25420.1
MinimumVisualStudioVersion = 10.0.40219.1
Project("{FAE04EC0-301F-11D3-BF4B-00C04F79EFBC}") = "SharePoint.WebHooks.MVC", "SharePoint.WebHooks.MVC\SharePoint.WebHooks.MVC.csproj", "{FA2E5494-0B1C-4C40-866A-A7A0180B0F72}"
EndProject
Project("{FAE04EC0-301F-11D3-BF4B-00C04F79EFBC}") = "SharePoint.WebHooks.Job", "SharePoint.WebHooks.Job\SharePoint.WebHooks.Job.csproj", "{3931A0E5-11F9-47FE-996A-7E1EFFF7F90D}"
EndProject
Project("{FAE04EC0-301F-11D3-BF4B-00C04F79EFBC}") = "SharePoint.WebHooks.Common", "SharePoint.WebHooks.Common\SharePoint.WebHooks.Common.csproj", "{F7BF4B65-F659-4B33-A5E0-F6CA1568A361}"
EndProject
Global
	GlobalSection(SolutionConfigurationPlatforms) = preSolution
		Debug|Any CPU = Debug|Any CPU
		Release|Any CPU = Release|Any CPU
	EndGlobalSection
	GlobalSection(ProjectConfigurationPlatforms) = postSolution
		{FA2E5494-0B1C-4C40-866A-A7A0180B0F72}.Debug|Any CPU.ActiveCfg = Debug|Any CPU
		{FA2E5494-0B1C-4C40-866A-A7A0180B0F72}.Debug|Any CPU.Build.0 = Debug|Any CPU
		{FA2E5494-0B1C-4C40-866A-A7A0180B0F72}.Release|Any CPU.ActiveCfg = Release|Any CPU
		{FA2E5494-0B1C-4C40-866A-A7A0180B0F72}.Release|Any CPU.Build.0 = Release|Any CPU
		{3931A0E5-11F9-47FE-996A-7E1EFFF7F90D}.Debug|Any CPU.ActiveCfg = Debug|Any CPU
		{3931A0E5-11F9-47FE-996A-7E1EFFF7F90D}.Debug|Any CPU.Build.0 = Debug|Any CPU
		{3931A0E5-11F9-47FE-996A-7E1EFFF7F90D}.Release|Any CPU.ActiveCfg = Release|Any CPU
		{3931A0E5-11F9-47FE-996A-7E1EFFF7F90D}.Release|Any CPU.Build.0 = Release|Any CPU
		{F7BF4B65-F659-4B33-A5E0-F6CA1568A361}.Debug|Any CPU.ActiveCfg = Debug|Any CPU
		{F7BF4B65-F659-4B33-A5E0-F6CA1568A361}.Debug|Any CPU.Build.0 = Debug|Any CPU
		{F7BF4B65-F659-4B33-A5E0-F6CA1568A361}.Release|Any CPU.ActiveCfg = Release|Any CPU
		{F7BF4B65-F659-4B33-A5E0-F6CA1568A361}.Release|Any CPU.Build.0 = Release|Any CPU
	EndGlobalSection
	GlobalSection(SolutionProperties) = preSolution
		HideSolutionNode = FALSE
	EndGlobalSection
EndGlobal
